// !$*UTF8*$!
{
	archiveVersion = 1;
	classes = {
	};
	objectVersion = 56;
	objects = {

/* Begin PBXBuildFile section */
		81EA69DF2B845C0F00E9DB79 /* SuspenseExampleApp.swift in Sources */ = {isa = PBXBuildFile; fileRef = 81EA69DE2B845C0F00E9DB79 /* SuspenseExampleApp.swift */; };
		81EA69E12B845C0F00E9DB79 /* ContentView.swift in Sources */ = {isa = PBXBuildFile; fileRef = 81EA69E02B845C0F00E9DB79 /* ContentView.swift */; };
		81EA69E32B845C1000E9DB79 /* Assets.xcassets in Resources */ = {isa = PBXBuildFile; fileRef = 81EA69E22B845C1000E9DB79 /* Assets.xcassets */; };
		81EA69E62B845C1000E9DB79 /* Preview Assets.xcassets in Resources */ = {isa = PBXBuildFile; fileRef = 81EA69E52B845C1000E9DB79 /* Preview Assets.xcassets */; };
		81EA69EF2B845C3600E9DB79 /* Suspense in Frameworks */ = {isa = PBXBuildFile; productRef = 81EA69EE2B845C3600E9DB79 /* Suspense */; };
		81EA69F12B845D4200E9DB79 /* SuspenseComponents.swift in Sources */ = {isa = PBXBuildFile; fileRef = 81EA69F02B845D4200E9DB79 /* SuspenseComponents.swift */; };
/* End PBXBuildFile section */

/* Begin PBXFileReference section */
		81EA69DB2B845C0F00E9DB79 /* SuspenseExample.app */ = {isa = PBXFileReference; explicitFileType = wrapper.application; includeInIndex = 0; path = SuspenseExample.app; sourceTree = BUILT_PRODUCTS_DIR; };
		81EA69DE2B845C0F00E9DB79 /* SuspenseExampleApp.swift */ = {isa = PBXFileReference; lastKnownFileType = sourcecode.swift; path = SuspenseExampleApp.swift; sourceTree = "<group>"; };
		81EA69E02B845C0F00E9DB79 /* ContentView.swift */ = {isa = PBXFileReference; lastKnownFileType = sourcecode.swift; path = ContentView.swift; sourceTree = "<group>"; };
		81EA69E22B845C1000E9DB79 /* Assets.xcassets */ = {isa = PBXFileReference; lastKnownFileType = folder.assetcatalog; path = Assets.xcassets; sourceTree = "<group>"; };
		81EA69E52B845C1000E9DB79 /* Preview Assets.xcassets */ = {isa = PBXFileReference; lastKnownFileType = folder.assetcatalog; path = "Preview Assets.xcassets"; sourceTree = "<group>"; };
		81EA69E72B845C1000E9DB79 /* SuspenseExample.entitlements */ = {isa = PBXFileReference; lastKnownFileType = text.plist.entitlements; path = SuspenseExample.entitlements; sourceTree = "<group>"; };
		81EA69F02B845D4200E9DB79 /* SuspenseComponents.swift */ = {isa = PBXFileReference; lastKnownFileType = sourcecode.swift; path = SuspenseComponents.swift; sourceTree = "<group>"; };
/* End PBXFileReference section */

/* Begin PBXFrameworksBuildPhase section */
		81EA69D82B845C0F00E9DB79 /* Frameworks */ = {
			isa = PBXFrameworksBuildPhase;
			buildActionMask = 2147483647;
			files = (
				81EA69EF2B845C3600E9DB79 /* Suspense in Frameworks */,
			);
			runOnlyForDeploymentPostprocessing = 0;
		};
/* End PBXFrameworksBuildPhase section */

/* Begin PBXGroup section */
		81EA69D22B845C0F00E9DB79 = {
			isa = PBXGroup;
			children = (
				81EA69DD2B845C0F00E9DB79 /* SuspenseExample */,
				81EA69DC2B845C0F00E9DB79 /* Products */,
				81EA69ED2B845C3600E9DB79 /* Frameworks */,
			);
			sourceTree = "<group>";
		};
		81EA69DC2B845C0F00E9DB79 /* Products */ = {
			isa = PBXGroup;
			children = (
				81EA69DB2B845C0F00E9DB79 /* SuspenseExample.app */,
			);
			name = Products;
			sourceTree = "<group>";
		};
		81EA69DD2B845C0F00E9DB79 /* SuspenseExample */ = {
			isa = PBXGroup;
			children = (
				81EA69DE2B845C0F00E9DB79 /* SuspenseExampleApp.swift */,
				81EA69E02B845C0F00E9DB79 /* ContentView.swift */,
				81EA69F02B845D4200E9DB79 /* SuspenseComponents.swift */,
				81EA69E22B845C1000E9DB79 /* Assets.xcassets */,
				81EA69E72B845C1000E9DB79 /* SuspenseExample.entitlements */,
				81EA69E42B845C1000E9DB79 /* Preview Content */,
			);
			path = SuspenseExample;
			sourceTree = "<group>";
		};
		81EA69E42B845C1000E9DB79 /* Preview Content */ = {
			isa = PBXGroup;
			children = (
				81EA69E52B845C1000E9DB79 /* Preview Assets.xcassets */,
			);
			path = "Preview Content";
			sourceTree = "<group>";
		};
		81EA69ED2B845C3600E9DB79 /* Frameworks */ = {
			isa = PBXGroup;
			children = (
			);
			name = Frameworks;
			sourceTree = "<group>";
		};
/* End PBXGroup section */

/* Begin PBXNativeTarget section */
		81EA69DA2B845C0F00E9DB79 /* SuspenseExample */ = {
			isa = PBXNativeTarget;
			buildConfigurationList = 81EA69EA2B845C1000E9DB79 /* Build configuration list for PBXNativeTarget "SuspenseExample" */;
			buildPhases = (
				81EA69D72B845C0F00E9DB79 /* Sources */,
				81EA69D82B845C0F00E9DB79 /* Frameworks */,
				81EA69D92B845C0F00E9DB79 /* Resources */,
			);
			buildRules = (
			);
			dependencies = (
			);
			name = SuspenseExample;
			packageProductDependencies = (
				81EA69EE2B845C3600E9DB79 /* Suspense */,
			);
			productName = SuspenseExample;
			productReference = 81EA69DB2B845C0F00E9DB79 /* SuspenseExample.app */;
			productType = "com.apple.product-type.application";
		};
/* End PBXNativeTarget section */

/* Begin PBXProject section */
		81EA69D32B845C0F00E9DB79 /* Project object */ = {
			isa = PBXProject;
			attributes = {
				BuildIndependentTargetsInParallel = 1;
				LastSwiftUpdateCheck = 1520;
				LastUpgradeCheck = 1520;
				TargetAttributes = {
					81EA69DA2B845C0F00E9DB79 = {
						CreatedOnToolsVersion = 15.2;
					};
				};
			};
			buildConfigurationList = 81EA69D62B845C0F00E9DB79 /* Build configuration list for PBXProject "SuspenseExample" */;
			compatibilityVersion = "Xcode 14.0";
			developmentRegion = en;
			hasScannedForEncodings = 0;
			knownRegions = (
				en,
				Base,
			);
			mainGroup = 81EA69D22B845C0F00E9DB79;
			productRefGroup = 81EA69DC2B845C0F00E9DB79 /* Products */;
			projectDirPath = "";
			projectRoot = "";
			targets = (
				81EA69DA2B845C0F00E9DB79 /* SuspenseExample */,
			);
		};
/* End PBXProject section */

/* Begin PBXResourcesBuildPhase section */
		81EA69D92B845C0F00E9DB79 /* Resources */ = {
			isa = PBXResourcesBuildPhase;
			buildActionMask = 2147483647;
			files = (
				81EA69E62B845C1000E9DB79 /* Preview Assets.xcassets in Resources */,
				81EA69E32B845C1000E9DB79 /* Assets.xcassets in Resources */,
			);
			runOnlyForDeploymentPostprocessing = 0;
		};
/* End PBXResourcesBuildPhase section */

/* Begin PBXSourcesBuildPhase section */
		81EA69D72B845C0F00E9DB79 /* Sources */ = {
			isa = PBXSourcesBuildPhase;
			buildActionMask = 2147483647;
			files = (
				81EA69E12B845C0F00E9DB79 /* ContentView.swift in Sources */,
				81EA69F12B845D4200E9DB79 /* SuspenseComponents.swift in Sources */,
				81EA69DF2B845C0F00E9DB79 /* SuspenseExampleApp.swift in Sources */,
			);
			runOnlyForDeploymentPostprocessing = 0;
		};
/* End PBXSourcesBuildPhase section */

/* Begin XCBuildConfiguration section */
		81EA69E82B845C1000E9DB79 /* Debug */ = {
			isa = XCBuildConfiguration;
			buildSettings = {
				ALWAYS_SEARCH_USER_PATHS = NO;
				ASSETCATALOG_COMPILER_GENERATE_SWIFT_ASSET_SYMBOL_EXTENSIONS = YES;
				CLANG_ANALYZER_NONNULL = YES;
				CLANG_ANALYZER_NUMBER_OBJECT_CONVERSION = YES_AGGRESSIVE;
				CLANG_CXX_LANGUAGE_STANDARD = "gnu++20";
				CLANG_ENABLE_MODULES = YES;
				CLANG_ENABLE_OBJC_ARC = YES;
				CLANG_ENABLE_OBJC_WEAK = YES;
				CLANG_WARN_BLOCK_CAPTURE_AUTORELEASING = YES;
				CLANG_WARN_BOOL_CONVERSION = YES;
				CLANG_WARN_COMMA = YES;
				CLANG_WARN_CONSTANT_CONVERSION = YES;
				CLANG_WARN_DEPRECATED_OBJC_IMPLEMENTATIONS = YES;
				CLANG_WARN_DIRECT_OBJC_ISA_USAGE = YES_ERROR;
				CLANG_WARN_DOCUMENTATION_COMMENTS = YES;
				CLANG_WARN_EMPTY_BODY = YES;
				CLANG_WARN_ENUM_CONVERSION = YES;
				CLANG_WARN_INFINITE_RECURSION = YES;
				CLANG_WARN_INT_CONVERSION = YES;
				CLANG_WARN_NON_LITERAL_NULL_CONVERSION = YES;
				CLANG_WARN_OBJC_IMPLICIT_RETAIN_SELF = YES;
				CLANG_WARN_OBJC_LITERAL_CONVERSION = YES;
				CLANG_WARN_OBJC_ROOT_CLASS = YES_ERROR;
				CLANG_WARN_QUOTED_INCLUDE_IN_FRAMEWORK_HEADER = YES;
				CLANG_WARN_RANGE_LOOP_ANALYSIS = YES;
				CLANG_WARN_STRICT_PROTOTYPES = YES;
				CLANG_WARN_SUSPICIOUS_MOVE = YES;
				CLANG_WARN_UNGUARDED_AVAILABILITY = YES_AGGRESSIVE;
				CLANG_WARN_UNREACHABLE_CODE = YES;
				CLANG_WARN__DUPLICATE_METHOD_MATCH = YES;
				COPY_PHASE_STRIP = NO;
				DEBUG_INFORMATION_FORMAT = dwarf;
				ENABLE_STRICT_OBJC_MSGSEND = YES;
				ENABLE_TESTABILITY = YES;
				ENABLE_USER_SCRIPT_SANDBOXING = YES;
				GCC_C_LANGUAGE_STANDARD = gnu17;
				GCC_DYNAMIC_NO_PIC = NO;
				GCC_NO_COMMON_BLOCKS = YES;
				GCC_OPTIMIZATION_LEVEL = 0;
				GCC_PREPROCESSOR_DEFINITIONS = (
					"DEBUG=1",
					"$(inherited)",
				);
				GCC_WARN_64_TO_32_BIT_CONVERSION = YES;
				GCC_WARN_ABOUT_RETURN_TYPE = YES_ERROR;
				GCC_WARN_UNDECLARED_SELECTOR = YES;
				GCC_WARN_UNINITIALIZED_AUTOS = YES_AGGRESSIVE;
				GCC_WARN_UNUSED_FUNCTION = YES;
				GCC_WARN_UNUSED_VARIABLE = YES;
				LOCALIZATION_PREFERS_STRING_CATALOGS = YES;
				MACOSX_DEPLOYMENT_TARGET = 14.1;
				MTL_ENABLE_DEBUG_INFO = INCLUDE_SOURCE;
				MTL_FAST_MATH = YES;
				ONLY_ACTIVE_ARCH = YES;
				SDKROOT = macosx;
				SWIFT_ACTIVE_COMPILATION_CONDITIONS = "DEBUG $(inherited)";
				SWIFT_OPTIMIZATION_LEVEL = "-Onone";
			};
			name = Debug;
		};
		81EA69E92B845C1000E9DB79 /* Release */ = {
			isa = XCBuildConfiguration;
			buildSettings = {
				ALWAYS_SEARCH_USER_PATHS = NO;
				ASSETCATALOG_COMPILER_GENERATE_SWIFT_ASSET_SYMBOL_EXTENSIONS = YES;
				CLANG_ANALYZER_NONNULL = YES;
				CLANG_ANALYZER_NUMBER_OBJECT_CONVERSION = YES_AGGRESSIVE;
				CLANG_CXX_LANGUAGE_STANDARD = "gnu++20";
				CLANG_ENABLE_MODULES = YES;
				CLANG_ENABLE_OBJC_ARC = YES;
				CLANG_ENABLE_OBJC_WEAK = YES;
				CLANG_WARN_BLOCK_CAPTURE_AUTORELEASING = YES;
				CLANG_WARN_BOOL_CONVERSION = YES;
				CLANG_WARN_COMMA = YES;
				CLANG_WARN_CONSTANT_CONVERSION = YES;
				CLANG_WARN_DEPRECATED_OBJC_IMPLEMENTATIONS = YES;
				CLANG_WARN_DIRECT_OBJC_ISA_USAGE = YES_ERROR;
				CLANG_WARN_DOCUMENTATION_COMMENTS = YES;
				CLANG_WARN_EMPTY_BODY = YES;
				CLANG_WARN_ENUM_CONVERSION = YES;
				CLANG_WARN_INFINITE_RECURSION = YES;
				CLANG_WARN_INT_CONVERSION = YES;
				CLANG_WARN_NON_LITERAL_NULL_CONVERSION = YES;
				CLANG_WARN_OBJC_IMPLICIT_RETAIN_SELF = YES;
				CLANG_WARN_OBJC_LITERAL_CONVERSION = YES;
				CLANG_WARN_OBJC_ROOT_CLASS = YES_ERROR;
				CLANG_WARN_QUOTED_INCLUDE_IN_FRAMEWORK_HEADER = YES;
				CLANG_WARN_RANGE_LOOP_ANALYSIS = YES;
				CLANG_WARN_STRICT_PROTOTYPES = YES;
				CLANG_WARN_SUSPICIOUS_MOVE = YES;
				CLANG_WARN_UNGUARDED_AVAILABILITY = YES_AGGRESSIVE;
				CLANG_WARN_UNREACHABLE_CODE = YES;
				CLANG_WARN__DUPLICATE_METHOD_MATCH = YES;
				COPY_PHASE_STRIP = NO;
				DEBUG_INFORMATION_FORMAT = "dwarf-with-dsym";
				ENABLE_NS_ASSERTIONS = NO;
				ENABLE_STRICT_OBJC_MSGSEND = YES;
				ENABLE_USER_SCRIPT_SANDBOXING = YES;
				GCC_C_LANGUAGE_STANDARD = gnu17;
				GCC_NO_COMMON_BLOCKS = YES;
				GCC_WARN_64_TO_32_BIT_CONVERSION = YES;
				GCC_WARN_ABOUT_RETURN_TYPE = YES_ERROR;
				GCC_WARN_UNDECLARED_SELECTOR = YES;
				GCC_WARN_UNINITIALIZED_AUTOS = YES_AGGRESSIVE;
				GCC_WARN_UNUSED_FUNCTION = YES;
				GCC_WARN_UNUSED_VARIABLE = YES;
				LOCALIZATION_PREFERS_STRING_CATALOGS = YES;
				MACOSX_DEPLOYMENT_TARGET = 14.1;
				MTL_ENABLE_DEBUG_INFO = NO;
				MTL_FAST_MATH = YES;
				SDKROOT = macosx;
				SWIFT_COMPILATION_MODE = wholemodule;
			};
			name = Release;
		};
		81EA69EB2B845C1000E9DB79 /* Debug */ = {
			isa = XCBuildConfiguration;
			buildSettings = {
				ASSETCATALOG_COMPILER_APPICON_NAME = AppIcon;
				ASSETCATALOG_COMPILER_GLOBAL_ACCENT_COLOR_NAME = AccentColor;
				CODE_SIGN_ENTITLEMENTS = SuspenseExample/SuspenseExample.entitlements;
				CODE_SIGN_STYLE = Automatic;
				COMBINE_HIDPI_IMAGES = YES;
				CURRENT_PROJECT_VERSION = 1;
				DEVELOPMENT_ASSET_PATHS = "\"SuspenseExample/Preview Content\"";
				DEVELOPMENT_TEAM = 4BD2L3ULG3;
				ENABLE_HARDENED_RUNTIME = YES;
				ENABLE_PREVIEWS = YES;
				GENERATE_INFOPLIST_FILE = YES;
				INFOPLIST_KEY_NSHumanReadableCopyright = "";
				LD_RUNPATH_SEARCH_PATHS = (
					"$(inherited)",
					"@executable_path/../Frameworks",
				);
				MARKETING_VERSION = 1.0;
				PRODUCT_BUNDLE_IDENTIFIER = com.hy.SuspenseExample;
				PRODUCT_NAME = "$(TARGET_NAME)";
				SWIFT_EMIT_LOC_STRINGS = YES;
				SWIFT_VERSION = 5.0;
			};
			name = Debug;
		};
		81EA69EC2B845C1000E9DB79 /* Release */ = {
			isa = XCBuildConfiguration;
			buildSettings = {
				ASSETCATALOG_COMPILER_APPICON_NAME = AppIcon;
				ASSETCATALOG_COMPILER_GLOBAL_ACCENT_COLOR_NAME = AccentColor;
				CODE_SIGN_ENTITLEMENTS = SuspenseExample/SuspenseExample.entitlements;
				CODE_SIGN_STYLE = Automatic;
				COMBINE_HIDPI_IMAGES = YES;
				CURRENT_PROJECT_VERSION = 1;
				DEVELOPMENT_ASSET_PATHS = "\"SuspenseExample/Preview Content\"";
				DEVELOPMENT_TEAM = 4BD2L3ULG3;
				ENABLE_HARDENED_RUNTIME = YES;
				ENABLE_PREVIEWS = YES;
				GENERATE_INFOPLIST_FILE = YES;
				INFOPLIST_KEY_NSHumanReadableCopyright = "";
				LD_RUNPATH_SEARCH_PATHS = (
					"$(inherited)",
					"@executable_path/../Frameworks",
				);
				MARKETING_VERSION = 1.0;
				PRODUCT_BUNDLE_IDENTIFIER = com.hy.SuspenseExample;
				PRODUCT_NAME = "$(TARGET_NAME)";
				SWIFT_EMIT_LOC_STRINGS = YES;
				SWIFT_VERSION = 5.0;
			};
			name = Release;
		};
/* End XCBuildConfiguration section */

/* Begin XCConfigurationList section */
		81EA69D62B845C0F00E9DB79 /* Build configuration list for PBXProject "SuspenseExample" */ = {
			isa = XCConfigurationList;
			buildConfigurations = (
				81EA69E82B845C1000E9DB79 /* Debug */,
				81EA69E92B845C1000E9DB79 /* Release */,
			);
			defaultConfigurationIsVisible = 0;
			defaultConfigurationName = Release;
		};
		81EA69EA2B845C1000E9DB79 /* Build configuration list for PBXNativeTarget "SuspenseExample" */ = {
			isa = XCConfigurationList;
			buildConfigurations = (
				81EA69EB2B845C1000E9DB79 /* Debug */,
				81EA69EC2B845C1000E9DB79 /* Release */,
			);
			defaultConfigurationIsVisible = 0;
			defaultConfigurationName = Release;
		};
/* End XCConfigurationList section */

/* Begin XCSwiftPackageProductDependency section */
		81EA69EE2B845C3600E9DB79 /* Suspense */ = {
			isa = XCSwiftPackageProductDependency;
			productName = Suspense;
		};
/* End XCSwiftPackageProductDependency section */
	};
	rootObject = 81EA69D32B845C0F00E9DB79 /* Project object */;
}
